
Microsoft Visual Studio Solution File, Format Version 12.00
# Visual Studio Version 17
VisualStudioVersion = 17.0.31903.59
MinimumVisualStudioVersion = 10.0.40219.1
Project("{FAE04EC0-301F-11D3-BF4B-00C04F79EFBC}") = "SmoothOperator", "SmoothOperator\SmoothOperator.csproj", "{34547370-5F56-4F2D-BFDB-B03975B9AA7C}"
EndProject
Project("{FAE04EC0-301F-11D3-BF4B-00C04F79EFBC}") = "VariousOperators", "VariousOperators\VariousOperators.csproj", "{5E373E07-D474-41EA-A059-1EF2790544E1}"
EndProject
Project("{FAE04EC0-301F-11D3-BF4B-00C04F79EFBC}") = "Cilindro", "Cilindro\Cilindro.csproj", "{72DFF981-E0B7-4C84-B2EF-139EA1A2D78D}"
EndProject
Project("{FAE04EC0-301F-11D3-BF4B-00C04F79EFBC}") = "ValoresEspeciais", "ValoresEspeciais\ValoresEspeciais.csproj", "{64F1BE47-8D1C-45FE-91D8-31AA0DBEFFC0}"
EndProject
Project("{FAE04EC0-301F-11D3-BF4B-00C04F79EFBC}") = "IfExample", "IfExample\IfExample.csproj", "{3CE5D848-BC04-48B2-B857-3F0C76A3DF76}"
EndProject
Global
	GlobalSection(SolutionConfigurationPlatforms) = preSolution
		Debug|Any CPU = Debug|Any CPU
		Release|Any CPU = Release|Any CPU
	EndGlobalSection
	GlobalSection(SolutionProperties) = preSolution
		HideSolutionNode = FALSE
	EndGlobalSection
	GlobalSection(ProjectConfigurationPlatforms) = postSolution
		{34547370-5F56-4F2D-BFDB-B03975B9AA7C}.Debug|Any CPU.ActiveCfg = Debug|Any CPU
		{34547370-5F56-4F2D-BFDB-B03975B9AA7C}.Debug|Any CPU.Build.0 = Debug|Any CPU
		{34547370-5F56-4F2D-BFDB-B03975B9AA7C}.Release|Any CPU.ActiveCfg = Release|Any CPU
		{34547370-5F56-4F2D-BFDB-B03975B9AA7C}.Release|Any CPU.Build.0 = Release|Any CPU
		{5E373E07-D474-41EA-A059-1EF2790544E1}.Debug|Any CPU.ActiveCfg = Debug|Any CPU
		{5E373E07-D474-41EA-A059-1EF2790544E1}.Debug|Any CPU.Build.0 = Debug|Any CPU
		{5E373E07-D474-41EA-A059-1EF2790544E1}.Release|Any CPU.ActiveCfg = Release|Any CPU
		{5E373E07-D474-41EA-A059-1EF2790544E1}.Release|Any CPU.Build.0 = Release|Any CPU
		{72DFF981-E0B7-4C84-B2EF-139EA1A2D78D}.Debug|Any CPU.ActiveCfg = Debug|Any CPU
		{72DFF981-E0B7-4C84-B2EF-139EA1A2D78D}.Debug|Any CPU.Build.0 = Debug|Any CPU
		{72DFF981-E0B7-4C84-B2EF-139EA1A2D78D}.Release|Any CPU.ActiveCfg = Release|Any CPU
		{72DFF981-E0B7-4C84-B2EF-139EA1A2D78D}.Release|Any CPU.Build.0 = Release|Any CPU
		{64F1BE47-8D1C-45FE-91D8-31AA0DBEFFC0}.Debug|Any CPU.ActiveCfg = Debug|Any CPU
		{64F1BE47-8D1C-45FE-91D8-31AA0DBEFFC0}.Debug|Any CPU.Build.0 = Debug|Any CPU
		{64F1BE47-8D1C-45FE-91D8-31AA0DBEFFC0}.Release|Any CPU.ActiveCfg = Release|Any CPU
		{64F1BE47-8D1C-45FE-91D8-31AA0DBEFFC0}.Release|Any CPU.Build.0 = Release|Any CPU
		{3CE5D848-BC04-48B2-B857-3F0C76A3DF76}.Debug|Any CPU.ActiveCfg = Debug|Any CPU
		{3CE5D848-BC04-48B2-B857-3F0C76A3DF76}.Debug|Any CPU.Build.0 = Debug|Any CPU
		{3CE5D848-BC04-48B2-B857-3F0C76A3DF76}.Release|Any CPU.ActiveCfg = Release|Any CPU
		{3CE5D848-BC04-48B2-B857-3F0C76A3DF76}.Release|Any CPU.Build.0 = Release|Any CPU
	EndGlobalSection
EndGlobal
